// !$*UTF8*$!
{
	archiveVersion = 1;
	classes = {
	};
	objectVersion = 46;
	objects = {

/* Begin PBXBuildFile section */
		5DAC3CE51E20F3F2002179F6 /* AppDelegate.swift in Sources */ = {isa = PBXBuildFile; fileRef = 5DAC3CE41E20F3F2002179F6 /* AppDelegate.swift */; };
		5DAC3CE71E20F3F2002179F6 /* ViewController.swift in Sources */ = {isa = PBXBuildFile; fileRef = 5DAC3CE61E20F3F2002179F6 /* ViewController.swift */; };
		5DAC3CEA1E20F3F2002179F6 /* Main.storyboard in Resources */ = {isa = PBXBuildFile; fileRef = 5DAC3CE81E20F3F2002179F6 /* Main.storyboard */; };
		5DAC3CEC1E20F3F2002179F6 /* Assets.xcassets in Resources */ = {isa = PBXBuildFile; fileRef = 5DAC3CEB1E20F3F2002179F6 /* Assets.xcassets */; };
		5DAC3CEF1E20F3F2002179F6 /* LaunchScreen.storyboard in Resources */ = {isa = PBXBuildFile; fileRef = 5DAC3CED1E20F3F2002179F6 /* LaunchScreen.storyboard */; };
		5DAC3CFA1E20F3F2002179F6 /* SwiftOCMixingTests.swift in Sources */ = {isa = PBXBuildFile; fileRef = 5DAC3CF91E20F3F2002179F6 /* SwiftOCMixingTests.swift */; };
		5DAC3D051E20F3F2002179F6 /* SwiftOCMixingUITests.swift in Sources */ = {isa = PBXBuildFile; fileRef = 5DAC3D041E20F3F2002179F6 /* SwiftOCMixingUITests.swift */; };
		5DAC3D1D1E20F70A002179F6 /* NSObject+Testable.m in Sources */ = {isa = PBXBuildFile; fileRef = 5DAC3D1C1E20F70A002179F6 /* NSObject+Testable.m */; };
		5DAC3D211E20F83E002179F6 /* NSStringDemos.m in Sources */ = {isa = PBXBuildFile; fileRef = 5DAC3D201E20F83E002179F6 /* NSStringDemos.m */; settings = {COMPILER_FLAGS = "-fno-objc-arc"; }; };
		5DAC3D231E20F93E002179F6 /* Counter.swift in Sources */ = {isa = PBXBuildFile; fileRef = 5DAC3D221E20F93E002179F6 /* Counter.swift */; };
		5DAC3D261E20FB03002179F6 /* CounterTests.m in Sources */ = {isa = PBXBuildFile; fileRef = 5DAC3D251E20FB03002179F6 /* CounterTests.m */; };
/* End PBXBuildFile section */

/* Begin PBXContainerItemProxy section */
		5DAC3CF61E20F3F2002179F6 /* PBXContainerItemProxy */ = {
			isa = PBXContainerItemProxy;
			containerPortal = 5DAC3CD91E20F3F2002179F6 /* Project object */;
			proxyType = 1;
			remoteGlobalIDString = 5DAC3CE01E20F3F2002179F6;
			remoteInfo = SwiftOCMixing;
		};
		5DAC3D011E20F3F2002179F6 /* PBXContainerItemProxy */ = {
			isa = PBXContainerItemProxy;
			containerPortal = 5DAC3CD91E20F3F2002179F6 /* Project object */;
			proxyType = 1;
			remoteGlobalIDString = 5DAC3CE01E20F3F2002179F6;
			remoteInfo = SwiftOCMixing;
		};
/* End PBXContainerItemProxy section */

/* Begin PBXFileReference section */
		5DAC3CE11E20F3F2002179F6 /* SwiftOCMixing.app */ = {isa = PBXFileReference; explicitFileType = wrapper.application; includeInIndex = 0; path = SwiftOCMixing.app; sourceTree = BUILT_PRODUCTS_DIR; };
		5DAC3CE41E20F3F2002179F6 /* AppDelegate.swift */ = {isa = PBXFileReference; lastKnownFileType = sourcecode.swift; path = AppDelegate.swift; sourceTree = "<group>"; };
		5DAC3CE61E20F3F2002179F6 /* ViewController.swift */ = {isa = PBXFileReference; lastKnownFileType = sourcecode.swift; path = ViewController.swift; sourceTree = "<group>"; };
		5DAC3CE91E20F3F2002179F6 /* Base */ = {isa = PBXFileReference; lastKnownFileType = file.storyboard; name = Base; path = Base.lproj/Main.storyboard; sourceTree = "<group>"; };
		5DAC3CEB1E20F3F2002179F6 /* Assets.xcassets */ = {isa = PBXFileReference; lastKnownFileType = folder.assetcatalog; path = Assets.xcassets; sourceTree = "<group>"; };
		5DAC3CEE1E20F3F2002179F6 /* Base */ = {isa = PBXFileReference; lastKnownFileType = file.storyboard; name = Base; path = Base.lproj/LaunchScreen.storyboard; sourceTree = "<group>"; };
		5DAC3CF01E20F3F2002179F6 /* Info.plist */ = {isa = PBXFileReference; lastKnownFileType = text.plist.xml; path = Info.plist; sourceTree = "<group>"; };
		5DAC3CF51E20F3F2002179F6 /* SwiftOCMixingTests.xctest */ = {isa = PBXFileReference; explicitFileType = wrapper.cfbundle; includeInIndex = 0; path = SwiftOCMixingTests.xctest; sourceTree = BUILT_PRODUCTS_DIR; };
		5DAC3CF91E20F3F2002179F6 /* SwiftOCMixingTests.swift */ = {isa = PBXFileReference; lastKnownFileType = sourcecode.swift; path = SwiftOCMixingTests.swift; sourceTree = "<group>"; };
		5DAC3CFB1E20F3F2002179F6 /* Info.plist */ = {isa = PBXFileReference; lastKnownFileType = text.plist.xml; path = Info.plist; sourceTree = "<group>"; };
		5DAC3D001E20F3F2002179F6 /* SwiftOCMixingUITests.xctest */ = {isa = PBXFileReference; explicitFileType = wrapper.cfbundle; includeInIndex = 0; path = SwiftOCMixingUITests.xctest; sourceTree = BUILT_PRODUCTS_DIR; };
		5DAC3D041E20F3F2002179F6 /* SwiftOCMixingUITests.swift */ = {isa = PBXFileReference; lastKnownFileType = sourcecode.swift; path = SwiftOCMixingUITests.swift; sourceTree = "<group>"; };
		5DAC3D061E20F3F2002179F6 /* Info.plist */ = {isa = PBXFileReference; lastKnownFileType = text.plist.xml; path = Info.plist; sourceTree = "<group>"; };
		5DAC3D1A1E20F709002179F6 /* SwiftOCMixing-Bridging-Header.h */ = {isa = PBXFileReference; lastKnownFileType = sourcecode.c.h; path = "SwiftOCMixing-Bridging-Header.h"; sourceTree = "<group>"; };
		5DAC3D1B1E20F70A002179F6 /* NSObject+Testable.h */ = {isa = PBXFileReference; fileEncoding = 4; lastKnownFileType = sourcecode.c.h; name = "NSObject+Testable.h"; path = "ObjC/NSObject+Testable.h"; sourceTree = "<group>"; };
		5DAC3D1C1E20F70A002179F6 /* NSObject+Testable.m */ = {isa = PBXFileReference; fileEncoding = 4; lastKnownFileType = sourcecode.c.objc; name = "NSObject+Testable.m"; path = "ObjC/NSObject+Testable.m"; sourceTree = "<group>"; };
		5DAC3D1F1E20F83E002179F6 /* NSStringDemos.h */ = {isa = PBXFileReference; fileEncoding = 4; lastKnownFileType = sourcecode.c.h; name = NSStringDemos.h; path = ObjC/NSStringDemos.h; sourceTree = "<group>"; };
		5DAC3D201E20F83E002179F6 /* NSStringDemos.m */ = {isa = PBXFileReference; fileEncoding = 4; lastKnownFileType = sourcecode.c.objc; name = NSStringDemos.m; path = ObjC/NSStringDemos.m; sourceTree = "<group>"; };
		5DAC3D221E20F93E002179F6 /* Counter.swift */ = {isa = PBXFileReference; fileEncoding = 4; lastKnownFileType = sourcecode.swift; path = Counter.swift; sourceTree = "<group>"; };
		5DAC3D241E20FB03002179F6 /* CounterTests.h */ = {isa = PBXFileReference; fileEncoding = 4; lastKnownFileType = sourcecode.c.h; name = CounterTests.h; path = ObjC/CounterTests.h; sourceTree = "<group>"; };
		5DAC3D251E20FB03002179F6 /* CounterTests.m */ = {isa = PBXFileReference; fileEncoding = 4; lastKnownFileType = sourcecode.c.objc; name = CounterTests.m; path = ObjC/CounterTests.m; sourceTree = "<group>"; };
/* End PBXFileReference section */

/* Begin PBXFrameworksBuildPhase section */
		5DAC3CDE1E20F3F2002179F6 /* Frameworks */ = {
			isa = PBXFrameworksBuildPhase;
			buildActionMask = 2147483647;
			files = (
			);
			runOnlyForDeploymentPostprocessing = 0;
		};
		5DAC3CF21E20F3F2002179F6 /* Frameworks */ = {
			isa = PBXFrameworksBuildPhase;
			buildActionMask = 2147483647;
			files = (
			);
			runOnlyForDeploymentPostprocessing = 0;
		};
		5DAC3CFD1E20F3F2002179F6 /* Frameworks */ = {
			isa = PBXFrameworksBuildPhase;
			buildActionMask = 2147483647;
			files = (
			);
			runOnlyForDeploymentPostprocessing = 0;
		};
/* End PBXFrameworksBuildPhase section */

/* Begin PBXGroup section */
		5DAC3CD81E20F3F2002179F6 = {
			isa = PBXGroup;
			children = (
				5DAC3CE31E20F3F2002179F6 /* SwiftOCMixing */,
				5DAC3CF81E20F3F2002179F6 /* SwiftOCMixingTests */,
				5DAC3D031E20F3F2002179F6 /* SwiftOCMixingUITests */,
				5DAC3CE21E20F3F2002179F6 /* Products */,
			);
			sourceTree = "<group>";
		};
		5DAC3CE21E20F3F2002179F6 /* Products */ = {
			isa = PBXGroup;
			children = (
				5DAC3CE11E20F3F2002179F6 /* SwiftOCMixing.app */,
				5DAC3CF51E20F3F2002179F6 /* SwiftOCMixingTests.xctest */,
				5DAC3D001E20F3F2002179F6 /* SwiftOCMixingUITests.xctest */,
			);
			name = Products;
			sourceTree = "<group>";
		};
		5DAC3CE31E20F3F2002179F6 /* SwiftOCMixing */ = {
			isa = PBXGroup;
			children = (
				5DAC3D1E1E20F82B002179F6 /* ObjC */,
				5DAC3CE41E20F3F2002179F6 /* AppDelegate.swift */,
				5DAC3CE61E20F3F2002179F6 /* ViewController.swift */,
				5DAC3CE81E20F3F2002179F6 /* Main.storyboard */,
				5DAC3CEB1E20F3F2002179F6 /* Assets.xcassets */,
				5DAC3CED1E20F3F2002179F6 /* LaunchScreen.storyboard */,
				5DAC3CF01E20F3F2002179F6 /* Info.plist */,
				5DAC3D1A1E20F709002179F6 /* SwiftOCMixing-Bridging-Header.h */,
				5DAC3D221E20F93E002179F6 /* Counter.swift */,
			);
			path = SwiftOCMixing;
			sourceTree = "<group>";
		};
		5DAC3CF81E20F3F2002179F6 /* SwiftOCMixingTests */ = {
			isa = PBXGroup;
			children = (
				5DAC3CF91E20F3F2002179F6 /* SwiftOCMixingTests.swift */,
				5DAC3CFB1E20F3F2002179F6 /* Info.plist */,
			);
			path = SwiftOCMixingTests;
			sourceTree = "<group>";
		};
		5DAC3D031E20F3F2002179F6 /* SwiftOCMixingUITests */ = {
			isa = PBXGroup;
			children = (
				5DAC3D041E20F3F2002179F6 /* SwiftOCMixingUITests.swift */,
				5DAC3D061E20F3F2002179F6 /* Info.plist */,
			);
			path = SwiftOCMixingUITests;
			sourceTree = "<group>";
		};
		5DAC3D1E1E20F82B002179F6 /* ObjC */ = {
			isa = PBXGroup;
			children = (
				5DAC3D1F1E20F83E002179F6 /* NSStringDemos.h */,
				5DAC3D201E20F83E002179F6 /* NSStringDemos.m */,
				5DAC3D1B1E20F70A002179F6 /* NSObject+Testable.h */,
				5DAC3D1C1E20F70A002179F6 /* NSObject+Testable.m */,
				5DAC3D241E20FB03002179F6 /* CounterTests.h */,
				5DAC3D251E20FB03002179F6 /* CounterTests.m */,
			);
			name = ObjC;
			sourceTree = "<group>";
		};
/* End PBXGroup section */

/* Begin PBXNativeTarget section */
		5DAC3CE01E20F3F2002179F6 /* SwiftOCMixing */ = {
			isa = PBXNativeTarget;
			buildConfigurationList = 5DAC3D091E20F3F2002179F6 /* Build configuration list for PBXNativeTarget "SwiftOCMixing" */;
			buildPhases = (
				5DAC3CDD1E20F3F2002179F6 /* Sources */,
				5DAC3CDE1E20F3F2002179F6 /* Frameworks */,
				5DAC3CDF1E20F3F2002179F6 /* Resources */,
			);
			buildRules = (
			);
			dependencies = (
			);
			name = SwiftOCMixing;
			productName = SwiftOCMixing;
			productReference = 5DAC3CE11E20F3F2002179F6 /* SwiftOCMixing.app */;
			productType = "com.apple.product-type.application";
		};
		5DAC3CF41E20F3F2002179F6 /* SwiftOCMixingTests */ = {
			isa = PBXNativeTarget;
			buildConfigurationList = 5DAC3D0C1E20F3F2002179F6 /* Build configuration list for PBXNativeTarget "SwiftOCMixingTests" */;
			buildPhases = (
				5DAC3CF11E20F3F2002179F6 /* Sources */,
				5DAC3CF21E20F3F2002179F6 /* Frameworks */,
				5DAC3CF31E20F3F2002179F6 /* Resources */,
			);
			buildRules = (
			);
			dependencies = (
				5DAC3CF71E20F3F2002179F6 /* PBXTargetDependency */,
			);
			name = SwiftOCMixingTests;
			productName = SwiftOCMixingTests;
			productReference = 5DAC3CF51E20F3F2002179F6 /* SwiftOCMixingTests.xctest */;
			productType = "com.apple.product-type.bundle.unit-test";
		};
		5DAC3CFF1E20F3F2002179F6 /* SwiftOCMixingUITests */ = {
			isa = PBXNativeTarget;
			buildConfigurationList = 5DAC3D0F1E20F3F2002179F6 /* Build configuration list for PBXNativeTarget "SwiftOCMixingUITests" */;
			buildPhases = (
				5DAC3CFC1E20F3F2002179F6 /* Sources */,
				5DAC3CFD1E20F3F2002179F6 /* Frameworks */,
				5DAC3CFE1E20F3F2002179F6 /* Resources */,
			);
			buildRules = (
			);
			dependencies = (
				5DAC3D021E20F3F2002179F6 /* PBXTargetDependency */,
			);
			name = SwiftOCMixingUITests;
			productName = SwiftOCMixingUITests;
			productReference = 5DAC3D001E20F3F2002179F6 /* SwiftOCMixingUITests.xctest */;
			productType = "com.apple.product-type.bundle.ui-testing";
		};
/* End PBXNativeTarget section */

/* Begin PBXProject section */
		5DAC3CD91E20F3F2002179F6 /* Project object */ = {
			isa = PBXProject;
			attributes = {
				LastSwiftUpdateCheck = 0820;
				LastUpgradeCheck = 0820;
				ORGANIZATIONNAME = zenghao0708;
				TargetAttributes = {
					5DAC3CE01E20F3F2002179F6 = {
						CreatedOnToolsVersion = 8.2.1;
						DevelopmentTeam = EAD55NDA68;
						LastSwiftMigration = 0820;
						ProvisioningStyle = Automatic;
					};
					5DAC3CF41E20F3F2002179F6 = {
						CreatedOnToolsVersion = 8.2.1;
						DevelopmentTeam = EAD55NDA68;
						ProvisioningStyle = Automatic;
						TestTargetID = 5DAC3CE01E20F3F2002179F6;
					};
					5DAC3CFF1E20F3F2002179F6 = {
						CreatedOnToolsVersion = 8.2.1;
						DevelopmentTeam = EAD55NDA68;
						ProvisioningStyle = Automatic;
						TestTargetID = 5DAC3CE01E20F3F2002179F6;
					};
				};
			};
			buildConfigurationList = 5DAC3CDC1E20F3F2002179F6 /* Build configuration list for PBXProject "SwiftOCMixing" */;
			compatibilityVersion = "Xcode 3.2";
			developmentRegion = English;
			hasScannedForEncodings = 0;
			knownRegions = (
				en,
				Base,
			);
			mainGroup = 5DAC3CD81E20F3F2002179F6;
			productRefGroup = 5DAC3CE21E20F3F2002179F6 /* Products */;
			projectDirPath = "";
			projectRoot = "";
			targets = (
				5DAC3CE01E20F3F2002179F6 /* SwiftOCMixing */,
				5DAC3CF41E20F3F2002179F6 /* SwiftOCMixingTests */,
				5DAC3CFF1E20F3F2002179F6 /* SwiftOCMixingUITests */,
			);
		};
/* End PBXProject section */

/* Begin PBXResourcesBuildPhase section */
		5DAC3CDF1E20F3F2002179F6 /* Resources */ = {
			isa = PBXResourcesBuildPhase;
			buildActionMask = 2147483647;
			files = (
				5DAC3CEF1E20F3F2002179F6 /* LaunchScreen.storyboard in Resources */,
				5DAC3CEC1E20F3F2002179F6 /* Assets.xcassets in Resources */,
				5DAC3CEA1E20F3F2002179F6 /* Main.storyboard in Resources */,
			);
			runOnlyForDeploymentPostprocessing = 0;
		};
		5DAC3CF31E20F3F2002179F6 /* Resources */ = {
			isa = PBXResourcesBuildPhase;
			buildActionMask = 2147483647;
			files = (
			);
			runOnlyForDeploymentPostprocessing = 0;
		};
		5DAC3CFE1E20F3F2002179F6 /* Resources */ = {
			isa = PBXResourcesBuildPhase;
			buildActionMask = 2147483647;
			files = (
			);
			runOnlyForDeploymentPostprocessing = 0;
		};
/* End PBXResourcesBuildPhase section */

/* Begin PBXSourcesBuildPhase section */
		5DAC3CDD1E20F3F2002179F6 /* Sources */ = {
			isa = PBXSourcesBuildPhase;
			buildActionMask = 2147483647;
			files = (
				5DAC3D261E20FB03002179F6 /* CounterTests.m in Sources */,
				5DAC3D231E20F93E002179F6 /* Counter.swift in Sources */,
				5DAC3CE71E20F3F2002179F6 /* ViewController.swift in Sources */,
				5DAC3CE51E20F3F2002179F6 /* AppDelegate.swift in Sources */,
				5DAC3D211E20F83E002179F6 /* NSStringDemos.m in Sources */,
				5DAC3D1D1E20F70A002179F6 /* NSObject+Testable.m in Sources */,
			);
			runOnlyForDeploymentPostprocessing = 0;
		};
		5DAC3CF11E20F3F2002179F6 /* Sources */ = {
			isa = PBXSourcesBuildPhase;
			buildActionMask = 2147483647;
			files = (
				5DAC3CFA1E20F3F2002179F6 /* SwiftOCMixingTests.swift in Sources */,
			);
			runOnlyForDeploymentPostprocessing = 0;
		};
		5DAC3CFC1E20F3F2002179F6 /* Sources */ = {
			isa = PBXSourcesBuildPhase;
			buildActionMask = 2147483647;
			files = (
				5DAC3D051E20F3F2002179F6 /* SwiftOCMixingUITests.swift in Sources */,
			);
			runOnlyForDeploymentPostprocessing = 0;
		};
/* End PBXSourcesBuildPhase section */

/* Begin PBXTargetDependency section */
		5DAC3CF71E20F3F2002179F6 /* PBXTargetDependency */ = {
			isa = PBXTargetDependency;
			target = 5DAC3CE01E20F3F2002179F6 /* SwiftOCMixing */;
			targetProxy = 5DAC3CF61E20F3F2002179F6 /* PBXContainerItemProxy */;
		};
		5DAC3D021E20F3F2002179F6 /* PBXTargetDependency */ = {
			isa = PBXTargetDependency;
			target = 5DAC3CE01E20F3F2002179F6 /* SwiftOCMixing */;
			targetProxy = 5DAC3D011E20F3F2002179F6 /* PBXContainerItemProxy */;
		};
/* End PBXTargetDependency section */

/* Begin PBXVariantGroup section */
		5DAC3CE81E20F3F2002179F6 /* Main.storyboard */ = {
			isa = PBXVariantGroup;
			children = (
				5DAC3CE91E20F3F2002179F6 /* Base */,
			);
			name = Main.storyboard;
			sourceTree = "<group>";
		};
		5DAC3CED1E20F3F2002179F6 /* LaunchScreen.storyboard */ = {
			isa = PBXVariantGroup;
			children = (
				5DAC3CEE1E20F3F2002179F6 /* Base */,
			);
			name = LaunchScreen.storyboard;
			sourceTree = "<group>";
		};
/* End PBXVariantGroup section */

/* Begin XCBuildConfiguration section */
		5DAC3D071E20F3F2002179F6 /* Debug */ = {
			isa = XCBuildConfiguration;
			buildSettings = {
				ALWAYS_SEARCH_USER_PATHS = NO;
				CLANG_ANALYZER_NONNULL = YES;
				CLANG_CXX_LANGUAGE_STANDARD = "gnu++0x";
				CLANG_CXX_LIBRARY = "libc++";
				CLANG_ENABLE_MODULES = YES;
				CLANG_ENABLE_OBJC_ARC = YES;
				CLANG_WARN_BOOL_CONVERSION = YES;
				CLANG_WARN_CONSTANT_CONVERSION = YES;
				CLANG_WARN_DIRECT_OBJC_ISA_USAGE = YES_ERROR;
				CLANG_WARN_DOCUMENTATION_COMMENTS = YES;
				CLANG_WARN_EMPTY_BODY = YES;
				CLANG_WARN_ENUM_CONVERSION = YES;
				CLANG_WARN_INFINITE_RECURSION = YES;
				CLANG_WARN_INT_CONVERSION = YES;
				CLANG_WARN_OBJC_ROOT_CLASS = YES_ERROR;
				CLANG_WARN_SUSPICIOUS_MOVE = YES;
				CLANG_WARN_UNREACHABLE_CODE = YES;
				CLANG_WARN__DUPLICATE_METHOD_MATCH = YES;
				"CODE_SIGN_IDENTITY[sdk=iphoneos*]" = "iPhone Developer";
				COPY_PHASE_STRIP = NO;
				DEBUG_INFORMATION_FORMAT = dwarf;
				ENABLE_STRICT_OBJC_MSGSEND = YES;
				ENABLE_TESTABILITY = YES;
				GCC_C_LANGUAGE_STANDARD = gnu99;
				GCC_DYNAMIC_NO_PIC = NO;
				GCC_NO_COMMON_BLOCKS = YES;
				GCC_OPTIMIZATION_LEVEL = 0;
				GCC_PREPROCESSOR_DEFINITIONS = (
					"DEBUG=1",
					"$(inherited)",
				);
				GCC_WARN_64_TO_32_BIT_CONVERSION = YES;
				GCC_WARN_ABOUT_RETURN_TYPE = YES_ERROR;
				GCC_WARN_UNDECLARED_SELECTOR = YES;
				GCC_WARN_UNINITIALIZED_AUTOS = YES_AGGRESSIVE;
				GCC_WARN_UNUSED_FUNCTION = YES;
				GCC_WARN_UNUSED_VARIABLE = YES;
				IPHONEOS_DEPLOYMENT_TARGET = 10.2;
				MTL_ENABLE_DEBUG_INFO = YES;
				ONLY_ACTIVE_ARCH = YES;
				SDKROOT = iphoneos;
				SWIFT_ACTIVE_COMPILATION_CONDITIONS = DEBUG;
				SWIFT_OPTIMIZATION_LEVEL = "-Onone";
			};
			name = Debug;
		};
		5DAC3D081E20F3F2002179F6 /* Release */ = {
			isa = XCBuildConfiguration;
			buildSettings = {
				ALWAYS_SEARCH_USER_PATHS = NO;
				CLANG_ANALYZER_NONNULL = YES;
				CLANG_CXX_LANGUAGE_STANDARD = "gnu++0x";
				CLANG_CXX_LIBRARY = "libc++";
				CLANG_ENABLE_MODULES = YES;
				CLANG_ENABLE_OBJC_ARC = YES;
				CLANG_WARN_BOOL_CONVERSION = YES;
				CLANG_WARN_CONSTANT_CONVERSION = YES;
				CLANG_WARN_DIRECT_OBJC_ISA_USAGE = YES_ERROR;
				CLANG_WARN_DOCUMENTATION_COMMENTS = YES;
				CLANG_WARN_EMPTY_BODY = YES;
				CLANG_WARN_ENUM_CONVERSION = YES;
				CLANG_WARN_INFINITE_RECURSION = YES;
				CLANG_WARN_INT_CONVERSION = YES;
				CLANG_WARN_OBJC_ROOT_CLASS = YES_ERROR;
				CLANG_WARN_SUSPICIOUS_MOVE = YES;
				CLANG_WARN_UNREACHABLE_CODE = YES;
				CLANG_WARN__DUPLICATE_METHOD_MATCH = YES;
				"CODE_SIGN_IDENTITY[sdk=iphoneos*]" = "iPhone Developer";
				COPY_PHASE_STRIP = NO;
				DEBUG_INFORMATION_FORMAT = "dwarf-with-dsym";
				ENABLE_NS_ASSERTIONS = NO;
				ENABLE_STRICT_OBJC_MSGSEND = YES;
				GCC_C_LANGUAGE_STANDARD = gnu99;
				GCC_NO_COMMON_BLOCKS = YES;
				GCC_WARN_64_TO_32_BIT_CONVERSION = YES;
				GCC_WARN_ABOUT_RETURN_TYPE = YES_ERROR;
				GCC_WARN_UNDECLARED_SELECTOR = YES;
				GCC_WARN_UNINITIALIZED_AUTOS = YES_AGGRESSIVE;
				GCC_WARN_UNUSED_FUNCTION = YES;
				GCC_WARN_UNUSED_VARIABLE = YES;
				IPHONEOS_DEPLOYMENT_TARGET = 10.2;
				MTL_ENABLE_DEBUG_INFO = NO;
				SDKROOT = iphoneos;
				SWIFT_OPTIMIZATION_LEVEL = "-Owholemodule";
				VALIDATE_PRODUCT = YES;
			};
			name = Release;
		};
		5DAC3D0A1E20F3F2002179F6 /* Debug */ = {
			isa = XCBuildConfiguration;
			buildSettings = {
				ASSETCATALOG_COMPILER_APPICON_NAME = AppIcon;
				CLANG_ENABLE_MODULES = YES;
				DEVELOPMENT_TEAM = EAD55NDA68;
				INFOPLIST_FILE = SwiftOCMixing/Info.plist;
				LD_RUNPATH_SEARCH_PATHS = "$(inherited) @executable_path/Frameworks";
				PRODUCT_BUNDLE_IDENTIFIER = zenghao0708.SwiftOCMixing;
				PRODUCT_NAME = "$(TARGET_NAME)";
				SWIFT_OBJC_BRIDGING_HEADER = "SwiftOCMixing/SwiftOCMixing-Bridging-Header.h";
				SWIFT_OPTIMIZATION_LEVEL = "-Onone";
				SWIFT_VERSION = 3.0;
			};
			name = Debug;
		};
		5DAC3D0B1E20F3F2002179F6 /* Release */ = {
			isa = XCBuildConfiguration;
			buildSettings = {
				ASSETCATALOG_COMPILER_APPICON_NAME = AppIcon;
				CLANG_ENABLE_MODULES = YES;
				DEVELOPMENT_TEAM = EAD55NDA68;
				INFOPLIST_FILE = SwiftOCMixing/Info.plist;
				LD_RUNPATH_SEARCH_PATHS = "$(inherited) @executable_path/Frameworks";
				PRODUCT_BUNDLE_IDENTIFIER = zenghao0708.SwiftOCMixing;
				PRODUCT_NAME = "$(TARGET_NAME)";
				SWIFT_OBJC_BRIDGING_HEADER = "SwiftOCMixing/SwiftOCMixing-Bridging-Header.h";
				SWIFT_VERSION = 3.0;
			};
			name = Release;
		};
		5DAC3D0D1E20F3F2002179F6 /* Debug */ = {
			isa = XCBuildConfiguration;
			buildSettings = {
				ALWAYS_EMBED_SWIFT_STANDARD_LIBRARIES = YES;
				BUNDLE_LOADER = "$(TEST_HOST)";
				DEVELOPMENT_TEAM = EAD55NDA68;
				INFOPLIST_FILE = SwiftOCMixingTests/Info.plist;
				LD_RUNPATH_SEARCH_PATHS = "$(inherited) @executable_path/Frameworks @loader_path/Frameworks";
				PRODUCT_BUNDLE_IDENTIFIER = zenghao0708.SwiftOCMixingTests;
				PRODUCT_NAME = "$(TARGET_NAME)";
				SWIFT_VERSION = 3.0;
				TEST_HOST = "$(BUILT_PRODUCTS_DIR)/SwiftOCMixing.app/SwiftOCMixing";
			};
			name = Debug;
		};
		5DAC3D0E1E20F3F2002179F6 /* Release */ = {
			isa = XCBuildConfiguration;
			buildSettings = {
				ALWAYS_EMBED_SWIFT_STANDARD_LIBRARIES = YES;
				BUNDLE_LOADER = "$(TEST_HOST)";
				DEVELOPMENT_TEAM = EAD55NDA68;
				INFOPLIST_FILE = SwiftOCMixingTests/Info.plist;
				LD_RUNPATH_SEARCH_PATHS = "$(inherited) @executable_path/Frameworks @loader_path/Frameworks";
				PRODUCT_BUNDLE_IDENTIFIER = zenghao0708.SwiftOCMixingTests;
				PRODUCT_NAME = "$(TARGET_NAME)";
				SWIFT_VERSION = 3.0;
				TEST_HOST = "$(BUILT_PRODUCTS_DIR)/SwiftOCMixing.app/SwiftOCMixing";
			};
			name = Release;
		};
		5DAC3D101E20F3F2002179F6 /* Debug */ = {
			isa = XCBuildConfiguration;
			buildSettings = {
				ALWAYS_EMBED_SWIFT_STANDARD_LIBRARIES = YES;
				DEVELOPMENT_TEAM = EAD55NDA68;
				INFOPLIST_FILE = SwiftOCMixingUITests/Info.plist;
				LD_RUNPATH_SEARCH_PATHS = "$(inherited) @executable_path/Frameworks @loader_path/Frameworks";
				PRODUCT_BUNDLE_IDENTIFIER = zenghao0708.SwiftOCMixingUITests;
				PRODUCT_NAME = "$(TARGET_NAME)";
				SWIFT_VERSION = 3.0;
				TEST_TARGET_NAME = SwiftOCMixing;
			};
			name = Debug;
		};
		5DAC3D111E20F3F2002179F6 /* Release */ = {
			isa = XCBuildConfiguration;
			buildSettings = {
				ALWAYS_EMBED_SWIFT_STANDARD_LIBRARIES = YES;
				DEVELOPMENT_TEAM = EAD55NDA68;
				INFOPLIST_FILE = SwiftOCMixingUITests/Info.plist;
				LD_RUNPATH_SEARCH_PATHS = "$(inherited) @executable_path/Frameworks @loader_path/Frameworks";
				PRODUCT_BUNDLE_IDENTIFIER = zenghao0708.SwiftOCMixingUITests;
				PRODUCT_NAME = "$(TARGET_NAME)";
				SWIFT_VERSION = 3.0;
				TEST_TARGET_NAME = SwiftOCMixing;
			};
			name = Release;
		};
/* End XCBuildConfiguration section */

/* Begin XCConfigurationList section */
		5DAC3CDC1E20F3F2002179F6 /* Build configuration list for PBXProject "SwiftOCMixing" */ = {
			isa = XCConfigurationList;
			buildConfigurations = (
				5DAC3D071E20F3F2002179F6 /* Debug */,
				5DAC3D081E20F3F2002179F6 /* Release */,
			);
			defaultConfigurationIsVisible = 0;
			defaultConfigurationName = Release;
		};
		5DAC3D091E20F3F2002179F6 /* Build configuration list for PBXNativeTarget "SwiftOCMixing" */ = {
			isa = XCConfigurationList;
			buildConfigurations = (
				5DAC3D0A1E20F3F2002179F6 /* Debug */,
				5DAC3D0B1E20F3F2002179F6 /* Release */,
			);
			defaultConfigurationIsVisible = 0;
		};
		5DAC3D0C1E20F3F2002179F6 /* Build configuration list for PBXNativeTarget "SwiftOCMixingTests" */ = {
			isa = XCConfigurationList;
			buildConfigurations = (
				5DAC3D0D1E20F3F2002179F6 /* Debug */,
				5DAC3D0E1E20F3F2002179F6 /* Release */,
			);
			defaultConfigurationIsVisible = 0;
		};
		5DAC3D0F1E20F3F2002179F6 /* Build configuration list for PBXNativeTarget "SwiftOCMixingUITests" */ = {
			isa = XCConfigurationList;
			buildConfigurations = (
				5DAC3D101E20F3F2002179F6 /* Debug */,
				5DAC3D111E20F3F2002179F6 /* Release */,
			);
			defaultConfigurationIsVisible = 0;
		};
/* End XCConfigurationList section */
	};
	rootObject = 5DAC3CD91E20F3F2002179F6 /* Project object */;
}
